
Microsoft Visual Studio Solution File, Format Version 12.00
# Visual Studio Version 16
VisualStudioVersion = 16.0.30011.22
MinimumVisualStudioVersion = 10.0.40219.1
Project("{FAE04EC0-301F-11D3-BF4B-00C04F79EFBC}") = "Caro", "Caro\Caro.csproj", "{67FF24D7-ACCE-403D-BDA3-EF8992D93042}"
EndProject
Project("{FAE04EC0-301F-11D3-BF4B-00C04F79EFBC}") = "CaroTest", "CaroTest\CaroTest.csproj", "{791D5D15-5960-4CD0-A50B-DA253F7119F1}"
EndProject
Project("{FAE04EC0-301F-11D3-BF4B-00C04F79EFBC}") = "DataTransmission", "DataTransmission\DataTransmission.csproj", "{728DEFFC-99A9-462F-9EAD-4D31FB4F62FA}"
EndProject
Global
	GlobalSection(SolutionConfigurationPlatforms) = preSolution
		Debug|Any CPU = Debug|Any CPU
		Release|Any CPU = Release|Any CPU
	EndGlobalSection
	GlobalSection(ProjectConfigurationPlatforms) = postSolution
		{67FF24D7-ACCE-403D-BDA3-EF8992D93042}.Debug|Any CPU.ActiveCfg = Debug|Any CPU
		{67FF24D7-ACCE-403D-BDA3-EF8992D93042}.Debug|Any CPU.Build.0 = Debug|Any CPU
		{67FF24D7-ACCE-403D-BDA3-EF8992D93042}.Release|Any CPU.ActiveCfg = Release|Any CPU
		{67FF24D7-ACCE-403D-BDA3-EF8992D93042}.Release|Any CPU.Build.0 = Release|Any CPU
		{791D5D15-5960-4CD0-A50B-DA253F7119F1}.Debug|Any CPU.ActiveCfg = Debug|Any CPU
		{791D5D15-5960-4CD0-A50B-DA253F7119F1}.Debug|Any CPU.Build.0 = Debug|Any CPU
		{791D5D15-5960-4CD0-A50B-DA253F7119F1}.Release|Any CPU.ActiveCfg = Release|Any CPU
		{791D5D15-5960-4CD0-A50B-DA253F7119F1}.Release|Any CPU.Build.0 = Release|Any CPU
		{728DEFFC-99A9-462F-9EAD-4D31FB4F62FA}.Debug|Any CPU.ActiveCfg = Debug|Any CPU
		{728DEFFC-99A9-462F-9EAD-4D31FB4F62FA}.Debug|Any CPU.Build.0 = Debug|Any CPU
		{728DEFFC-99A9-462F-9EAD-4D31FB4F62FA}.Release|Any CPU.ActiveCfg = Release|Any CPU
		{728DEFFC-99A9-462F-9EAD-4D31FB4F62FA}.Release|Any CPU.Build.0 = Release|Any CPU
	EndGlobalSection
	GlobalSection(SolutionProperties) = preSolution
		HideSolutionNode = FALSE
	EndGlobalSection
	GlobalSection(ExtensibilityGlobals) = postSolution
		SolutionGuid = {E9783CD4-C230-4340-9082-F170ECB9EB99}
	EndGlobalSection
EndGlobal
