
Microsoft Visual Studio Solution File, Format Version 12.00
# Visual Studio Version 16
VisualStudioVersion = 16.0.30330.147
MinimumVisualStudioVersion = 10.0.40219.1
Project("{9A19103F-16F7-4668-BE54-9A1E7A4F7556}") = "CaroGame", "CaroGame\CaroGame.csproj", "{1C0FAAC2-AEFF-4E39-9031-500E3DA9950C}"
EndProject
Project("{FAE04EC0-301F-11D3-BF4B-00C04F79EFBC}") = "DataTransmission", "DataTransmission\DataTransmission.csproj", "{F18AB943-D129-4562-B6BB-5E823E495C7D}"
EndProject
Global
	GlobalSection(SolutionConfigurationPlatforms) = preSolution
		Debug|Any CPU = Debug|Any CPU
		Release|Any CPU = Release|Any CPU
	EndGlobalSection
	GlobalSection(ProjectConfigurationPlatforms) = postSolution
		{1C0FAAC2-AEFF-4E39-9031-500E3DA9950C}.Debug|Any CPU.ActiveCfg = Debug|Any CPU
		{1C0FAAC2-AEFF-4E39-9031-500E3DA9950C}.Debug|Any CPU.Build.0 = Debug|Any CPU
		{1C0FAAC2-AEFF-4E39-9031-500E3DA9950C}.Release|Any CPU.ActiveCfg = Release|Any CPU
		{1C0FAAC2-AEFF-4E39-9031-500E3DA9950C}.Release|Any CPU.Build.0 = Release|Any CPU
		{F18AB943-D129-4562-B6BB-5E823E495C7D}.Debug|Any CPU.ActiveCfg = Debug|Any CPU
		{F18AB943-D129-4562-B6BB-5E823E495C7D}.Debug|Any CPU.Build.0 = Debug|Any CPU
		{F18AB943-D129-4562-B6BB-5E823E495C7D}.Release|Any CPU.ActiveCfg = Release|Any CPU
		{F18AB943-D129-4562-B6BB-5E823E495C7D}.Release|Any CPU.Build.0 = Release|Any CPU
	EndGlobalSection
	GlobalSection(SolutionProperties) = preSolution
		HideSolutionNode = FALSE
	EndGlobalSection
	GlobalSection(ExtensibilityGlobals) = postSolution
		SolutionGuid = {47EFF8EB-53C7-4A0C-8B04-811D7794ED33}
	EndGlobalSection
EndGlobal
